
Microsoft Visual Studio Solution File, Format Version 12.00
# Visual Studio 15
VisualStudioVersion = 15.0.28307.1300
MinimumVisualStudioVersion = 10.0.40219.1
Project("{FAE04EC0-301F-11D3-BF4B-00C04F79EFBC}") = "CheckAndConvertJpegFile", "CheckAndConvertJpegFile\CheckAndConvertJpegFile.csproj", "{E5EB7D17-A4AC-46D1-813A-1478B65BAF6A}"
EndProject
Global
	GlobalSection(SolutionConfigurationPlatforms) = preSolution
		Debug|Any CPU = Debug|Any CPU
		Release|Any CPU = Release|Any CPU
	EndGlobalSection
	GlobalSection(ProjectConfigurationPlatforms) = postSolution
		{E5EB7D17-A4AC-46D1-813A-1478B65BAF6A}.Debug|Any CPU.ActiveCfg = Debug|Any CPU
		{E5EB7D17-A4AC-46D1-813A-1478B65BAF6A}.Debug|Any CPU.Build.0 = Debug|Any CPU
		{E5EB7D17-A4AC-46D1-813A-1478B65BAF6A}.Release|Any CPU.ActiveCfg = Release|Any CPU
		{E5EB7D17-A4AC-46D1-813A-1478B65BAF6A}.Release|Any CPU.Build.0 = Release|Any CPU
	EndGlobalSection
	GlobalSection(SolutionProperties) = preSolution
		HideSolutionNode = FALSE
	EndGlobalSection
	GlobalSection(ExtensibilityGlobals) = postSolution
		SolutionGuid = {D0FE4407-F38E-47DC-9A24-5AFC6C39FF1A}
	EndGlobalSection
EndGlobal
